# This file was autogenerated by uv via the following command:
#    uv pip compile requirements.txt -o requirements.lock
altgraph==0.17.4
    # via
    #   -r requirements.txt
    #   pyinstaller
certifi==2024.7.4
    # via requests
charset-normalizer==3.3.2
    # via requests
colorama==0.4.6
    # via tqdm
et-xmlfile==1.1.0
    # via openpyxl
idna==3.7
    # via requests
numpy==1.26.4
    # via pandas
openpyxl==3.1.5
    # via -r requirements.txt
packaging==25.0
    # via
    #   -r requirements.txt
    #   pyinstaller
    #   pyinstaller-hooks-contrib
pandas==2.2.2
    # via -r requirements.txt
pefile==2023.2.7
    # via pyinstaller
pyinstaller==6.16.0
    # via -r requirements.txt
pyinstaller-hooks-contrib==2025.9
    # via pyinstaller
python-dateutil==2.9.0
    # via pandas
pytz==2024.1
    # via pandas
pywin32-ctypes==0.2.3
    # via pyinstaller
requests==2.32.3
    # via -r requirements.txt
setuptools==80.9.0
    # via
    #   -r requirements.txt
    #   pyinstaller
    #   pyinstaller-hooks-contrib
six==1.16.0
    # via python-dateutil
tqdm==4.66.4
    # via -r requirements.txt
tzdata==2024.1
    # via pandas
urllib3==2.2.2
    # via requests
